
Microsoft Visual Studio Solution File, Format Version 12.00
# Visual Studio Version 17
VisualStudioVersion = 17.4.33205.214
MinimumVisualStudioVersion = 10.0.40219.1
Project("{FAE04EC0-301F-11D3-BF4B-00C04F79EFBC}") = "1ExamPrep", "1ExamPrep\1ExamPrep.csproj", "{1002C758-9A6F-4918-A4CF-4603296BDADC}"
EndProject
Global
	GlobalSection(SolutionConfigurationPlatforms) = preSolution
		Debug|Any CPU = Debug|Any CPU
		Release|Any CPU = Release|Any CPU
	EndGlobalSection
	GlobalSection(ProjectConfigurationPlatforms) = postSolution
		{1002C758-9A6F-4918-A4CF-4603296BDADC}.Debug|Any CPU.ActiveCfg = Debug|Any CPU
		{1002C758-9A6F-4918-A4CF-4603296BDADC}.Debug|Any CPU.Build.0 = Debug|Any CPU
		{1002C758-9A6F-4918-A4CF-4603296BDADC}.Release|Any CPU.ActiveCfg = Release|Any CPU
		{1002C758-9A6F-4918-A4CF-4603296BDADC}.Release|Any CPU.Build.0 = Release|Any CPU
	EndGlobalSection
	GlobalSection(SolutionProperties) = preSolution
		HideSolutionNode = FALSE
	EndGlobalSection
	GlobalSection(ExtensibilityGlobals) = postSolution
		SolutionGuid = {8C48582C-D935-4382-A2A8-6890889035BA}
	EndGlobalSection
EndGlobal
