
Microsoft Visual Studio Solution File, Format Version 12.00
# Visual Studio Version 17
VisualStudioVersion = 17.4.33205.214
MinimumVisualStudioVersion = 10.0.40219.1
Project("{FAE04EC0-301F-11D3-BF4B-00C04F79EFBC}") = "1ChickenSnackProblem", "AdvancedModuleExam\1ChickenSnackProblem.csproj", "{E4D04706-A9EB-49AD-8CEE-395698E5402C}"
EndProject
Project("{FAE04EC0-301F-11D3-BF4B-00C04F79EFBC}") = "2ClearSkies", "2ClearSkies\2ClearSkies.csproj", "{0A043338-4006-489A-9E69-E6E58438316E}"
EndProject
Global
	GlobalSection(SolutionConfigurationPlatforms) = preSolution
		Debug|Any CPU = Debug|Any CPU
		Release|Any CPU = Release|Any CPU
	EndGlobalSection
	GlobalSection(ProjectConfigurationPlatforms) = postSolution
		{E4D04706-A9EB-49AD-8CEE-395698E5402C}.Debug|Any CPU.ActiveCfg = Debug|Any CPU
		{E4D04706-A9EB-49AD-8CEE-395698E5402C}.Debug|Any CPU.Build.0 = Debug|Any CPU
		{E4D04706-A9EB-49AD-8CEE-395698E5402C}.Release|Any CPU.ActiveCfg = Release|Any CPU
		{E4D04706-A9EB-49AD-8CEE-395698E5402C}.Release|Any CPU.Build.0 = Release|Any CPU
		{0A043338-4006-489A-9E69-E6E58438316E}.Debug|Any CPU.ActiveCfg = Debug|Any CPU
		{0A043338-4006-489A-9E69-E6E58438316E}.Debug|Any CPU.Build.0 = Debug|Any CPU
		{0A043338-4006-489A-9E69-E6E58438316E}.Release|Any CPU.ActiveCfg = Release|Any CPU
		{0A043338-4006-489A-9E69-E6E58438316E}.Release|Any CPU.Build.0 = Release|Any CPU
	EndGlobalSection
	GlobalSection(SolutionProperties) = preSolution
		HideSolutionNode = FALSE
	EndGlobalSection
	GlobalSection(ExtensibilityGlobals) = postSolution
		SolutionGuid = {46420DF0-1E81-4DC5-929D-A358BA1AAE03}
	EndGlobalSection
EndGlobal
