
Microsoft Visual Studio Solution File, Format Version 12.00
# Visual Studio Version 17
VisualStudioVersion = 17.4.33205.214
MinimumVisualStudioVersion = 10.0.40219.1
Project("{FAE04EC0-301F-11D3-BF4B-00C04F79EFBC}") = "06SpeedRacing", "DefiningClassesExerciseRerun\06SpeedRacing.csproj", "{F3F98F4E-9D78-4FEF-B106-5942D5D1163A}"
EndProject
Project("{FAE04EC0-301F-11D3-BF4B-00C04F79EFBC}") = "07RawData", "07RawData\07RawData.csproj", "{8855A3F3-CD30-49BA-A8CE-599B191EDD2C}"
EndProject
Project("{FAE04EC0-301F-11D3-BF4B-00C04F79EFBC}") = "08CarSalesman", "08CarSalesman\08CarSalesman.csproj", "{0868BC06-5800-483C-9C3D-60066D1A85C8}"
EndProject
Project("{FAE04EC0-301F-11D3-BF4B-00C04F79EFBC}") = "09PokemonTrainer", "09PokemonTrainer\09PokemonTrainer.csproj", "{84DF8785-5641-43F3-9B64-0C93553DBCF9}"
EndProject
Global
	GlobalSection(SolutionConfigurationPlatforms) = preSolution
		Debug|Any CPU = Debug|Any CPU
		Release|Any CPU = Release|Any CPU
	EndGlobalSection
	GlobalSection(ProjectConfigurationPlatforms) = postSolution
		{F3F98F4E-9D78-4FEF-B106-5942D5D1163A}.Debug|Any CPU.ActiveCfg = Debug|Any CPU
		{F3F98F4E-9D78-4FEF-B106-5942D5D1163A}.Debug|Any CPU.Build.0 = Debug|Any CPU
		{F3F98F4E-9D78-4FEF-B106-5942D5D1163A}.Release|Any CPU.ActiveCfg = Release|Any CPU
		{F3F98F4E-9D78-4FEF-B106-5942D5D1163A}.Release|Any CPU.Build.0 = Release|Any CPU
		{8855A3F3-CD30-49BA-A8CE-599B191EDD2C}.Debug|Any CPU.ActiveCfg = Debug|Any CPU
		{8855A3F3-CD30-49BA-A8CE-599B191EDD2C}.Debug|Any CPU.Build.0 = Debug|Any CPU
		{8855A3F3-CD30-49BA-A8CE-599B191EDD2C}.Release|Any CPU.ActiveCfg = Release|Any CPU
		{8855A3F3-CD30-49BA-A8CE-599B191EDD2C}.Release|Any CPU.Build.0 = Release|Any CPU
		{0868BC06-5800-483C-9C3D-60066D1A85C8}.Debug|Any CPU.ActiveCfg = Debug|Any CPU
		{0868BC06-5800-483C-9C3D-60066D1A85C8}.Debug|Any CPU.Build.0 = Debug|Any CPU
		{0868BC06-5800-483C-9C3D-60066D1A85C8}.Release|Any CPU.ActiveCfg = Release|Any CPU
		{0868BC06-5800-483C-9C3D-60066D1A85C8}.Release|Any CPU.Build.0 = Release|Any CPU
		{84DF8785-5641-43F3-9B64-0C93553DBCF9}.Debug|Any CPU.ActiveCfg = Debug|Any CPU
		{84DF8785-5641-43F3-9B64-0C93553DBCF9}.Debug|Any CPU.Build.0 = Debug|Any CPU
		{84DF8785-5641-43F3-9B64-0C93553DBCF9}.Release|Any CPU.ActiveCfg = Release|Any CPU
		{84DF8785-5641-43F3-9B64-0C93553DBCF9}.Release|Any CPU.Build.0 = Release|Any CPU
	EndGlobalSection
	GlobalSection(SolutionProperties) = preSolution
		HideSolutionNode = FALSE
	EndGlobalSection
	GlobalSection(ExtensibilityGlobals) = postSolution
		SolutionGuid = {E73B355D-3C97-468F-B986-378106C3BCDA}
	EndGlobalSection
EndGlobal
