
Microsoft Visual Studio Solution File, Format Version 12.00
# Visual Studio Version 17
VisualStudioVersion = 17.4.33205.214
MinimumVisualStudioVersion = 10.0.40219.1
Project("{FAE04EC0-301F-11D3-BF4B-00C04F79EFBC}") = "GenericBoxOfString", "GenericsRerunNik\GenericBoxOfString.csproj", "{8F568D27-5954-45F9-91AA-61C1FF14D4C3}"
EndProject
Project("{FAE04EC0-301F-11D3-BF4B-00C04F79EFBC}") = "GenericArrCreator", "GenericArrCreator\GenericArrCreator.csproj", "{C3E47846-3E07-4AF9-AF41-875FB2B9FFD6}"
EndProject
Project("{FAE04EC0-301F-11D3-BF4B-00C04F79EFBC}") = "Scale", "Scale\Scale.csproj", "{3F7E52AD-CD48-474E-B2B8-2601238FDBA8}"
EndProject
Project("{FAE04EC0-301F-11D3-BF4B-00C04F79EFBC}") = "ExerciseBoxOfString", "ExerciseBoxOfString\ExerciseBoxOfString.csproj", "{CAF8B9E7-AB68-437E-AEF1-9CF456CE141E}"
EndProject
Project("{FAE04EC0-301F-11D3-BF4B-00C04F79EFBC}") = "GenericSwapMethodStrings", "GenericSwapMethodStrings\GenericSwapMethodStrings.csproj", "{B40E4D89-D46B-4C28-99A2-8BC9A2733AFF}"
EndProject
Project("{FAE04EC0-301F-11D3-BF4B-00C04F79EFBC}") = "GenericCountMethodStrings", "GenericCountMethodStrings\GenericCountMethodStrings.csproj", "{E715A6B4-7D25-48E7-B5DC-5381676DB8A5}"
EndProject
Global
	GlobalSection(SolutionConfigurationPlatforms) = preSolution
		Debug|Any CPU = Debug|Any CPU
		Release|Any CPU = Release|Any CPU
	EndGlobalSection
	GlobalSection(ProjectConfigurationPlatforms) = postSolution
		{8F568D27-5954-45F9-91AA-61C1FF14D4C3}.Debug|Any CPU.ActiveCfg = Debug|Any CPU
		{8F568D27-5954-45F9-91AA-61C1FF14D4C3}.Debug|Any CPU.Build.0 = Debug|Any CPU
		{8F568D27-5954-45F9-91AA-61C1FF14D4C3}.Release|Any CPU.ActiveCfg = Release|Any CPU
		{8F568D27-5954-45F9-91AA-61C1FF14D4C3}.Release|Any CPU.Build.0 = Release|Any CPU
		{C3E47846-3E07-4AF9-AF41-875FB2B9FFD6}.Debug|Any CPU.ActiveCfg = Debug|Any CPU
		{C3E47846-3E07-4AF9-AF41-875FB2B9FFD6}.Debug|Any CPU.Build.0 = Debug|Any CPU
		{C3E47846-3E07-4AF9-AF41-875FB2B9FFD6}.Release|Any CPU.ActiveCfg = Release|Any CPU
		{C3E47846-3E07-4AF9-AF41-875FB2B9FFD6}.Release|Any CPU.Build.0 = Release|Any CPU
		{3F7E52AD-CD48-474E-B2B8-2601238FDBA8}.Debug|Any CPU.ActiveCfg = Debug|Any CPU
		{3F7E52AD-CD48-474E-B2B8-2601238FDBA8}.Debug|Any CPU.Build.0 = Debug|Any CPU
		{3F7E52AD-CD48-474E-B2B8-2601238FDBA8}.Release|Any CPU.ActiveCfg = Release|Any CPU
		{3F7E52AD-CD48-474E-B2B8-2601238FDBA8}.Release|Any CPU.Build.0 = Release|Any CPU
		{CAF8B9E7-AB68-437E-AEF1-9CF456CE141E}.Debug|Any CPU.ActiveCfg = Debug|Any CPU
		{CAF8B9E7-AB68-437E-AEF1-9CF456CE141E}.Debug|Any CPU.Build.0 = Debug|Any CPU
		{CAF8B9E7-AB68-437E-AEF1-9CF456CE141E}.Release|Any CPU.ActiveCfg = Release|Any CPU
		{CAF8B9E7-AB68-437E-AEF1-9CF456CE141E}.Release|Any CPU.Build.0 = Release|Any CPU
		{B40E4D89-D46B-4C28-99A2-8BC9A2733AFF}.Debug|Any CPU.ActiveCfg = Debug|Any CPU
		{B40E4D89-D46B-4C28-99A2-8BC9A2733AFF}.Debug|Any CPU.Build.0 = Debug|Any CPU
		{B40E4D89-D46B-4C28-99A2-8BC9A2733AFF}.Release|Any CPU.ActiveCfg = Release|Any CPU
		{B40E4D89-D46B-4C28-99A2-8BC9A2733AFF}.Release|Any CPU.Build.0 = Release|Any CPU
		{E715A6B4-7D25-48E7-B5DC-5381676DB8A5}.Debug|Any CPU.ActiveCfg = Debug|Any CPU
		{E715A6B4-7D25-48E7-B5DC-5381676DB8A5}.Debug|Any CPU.Build.0 = Debug|Any CPU
		{E715A6B4-7D25-48E7-B5DC-5381676DB8A5}.Release|Any CPU.ActiveCfg = Release|Any CPU
		{E715A6B4-7D25-48E7-B5DC-5381676DB8A5}.Release|Any CPU.Build.0 = Release|Any CPU
	EndGlobalSection
	GlobalSection(SolutionProperties) = preSolution
		HideSolutionNode = FALSE
	EndGlobalSection
	GlobalSection(ExtensibilityGlobals) = postSolution
		SolutionGuid = {3BA38572-F40F-40AA-8449-E3F20CEA09E4}
	EndGlobalSection
EndGlobal
