
Microsoft Visual Studio Solution File, Format Version 12.00
# Visual Studio Version 17
VisualStudioVersion = 17.4.33205.214
MinimumVisualStudioVersion = 10.0.40219.1
Project("{FAE04EC0-301F-11D3-BF4B-00C04F79EFBC}") = "1. Diagonal Difference", "Multidimensional Arrays Exercise\1. Diagonal Difference.csproj", "{376B4ABF-A076-4B68-9C77-9517D2138388}"
EndProject
Project("{FAE04EC0-301F-11D3-BF4B-00C04F79EFBC}") = "2. Squares in Matrix", "2. Squares in Matrix\2. Squares in Matrix.csproj", "{EE055A10-8529-4222-AFC3-4541A6E9AC7A}"
EndProject
Global
	GlobalSection(SolutionConfigurationPlatforms) = preSolution
		Debug|Any CPU = Debug|Any CPU
		Release|Any CPU = Release|Any CPU
	EndGlobalSection
	GlobalSection(ProjectConfigurationPlatforms) = postSolution
		{376B4ABF-A076-4B68-9C77-9517D2138388}.Debug|Any CPU.ActiveCfg = Debug|Any CPU
		{376B4ABF-A076-4B68-9C77-9517D2138388}.Debug|Any CPU.Build.0 = Debug|Any CPU
		{376B4ABF-A076-4B68-9C77-9517D2138388}.Release|Any CPU.ActiveCfg = Release|Any CPU
		{376B4ABF-A076-4B68-9C77-9517D2138388}.Release|Any CPU.Build.0 = Release|Any CPU
		{EE055A10-8529-4222-AFC3-4541A6E9AC7A}.Debug|Any CPU.ActiveCfg = Debug|Any CPU
		{EE055A10-8529-4222-AFC3-4541A6E9AC7A}.Debug|Any CPU.Build.0 = Debug|Any CPU
		{EE055A10-8529-4222-AFC3-4541A6E9AC7A}.Release|Any CPU.ActiveCfg = Release|Any CPU
		{EE055A10-8529-4222-AFC3-4541A6E9AC7A}.Release|Any CPU.Build.0 = Release|Any CPU
	EndGlobalSection
	GlobalSection(SolutionProperties) = preSolution
		HideSolutionNode = FALSE
	EndGlobalSection
	GlobalSection(ExtensibilityGlobals) = postSolution
		SolutionGuid = {4174B5C6-68FC-45D7-BD16-488BE5752B14}
	EndGlobalSection
EndGlobal
