
Microsoft Visual Studio Solution File, Format Version 12.00
# Visual Studio Version 17
VisualStudioVersion = 17.4.33205.214
MinimumVisualStudioVersion = 10.0.40219.1
Project("{FAE04EC0-301F-11D3-BF4B-00C04F79EFBC}") = "Generics", "Generics\Generics.csproj", "{03463360-F91A-4502-A178-51E8422CB571}"
EndProject
Global
	GlobalSection(SolutionConfigurationPlatforms) = preSolution
		Debug|Any CPU = Debug|Any CPU
		Release|Any CPU = Release|Any CPU
	EndGlobalSection
	GlobalSection(ProjectConfigurationPlatforms) = postSolution
		{03463360-F91A-4502-A178-51E8422CB571}.Debug|Any CPU.ActiveCfg = Debug|Any CPU
		{03463360-F91A-4502-A178-51E8422CB571}.Debug|Any CPU.Build.0 = Debug|Any CPU
		{03463360-F91A-4502-A178-51E8422CB571}.Release|Any CPU.ActiveCfg = Release|Any CPU
		{03463360-F91A-4502-A178-51E8422CB571}.Release|Any CPU.Build.0 = Release|Any CPU
	EndGlobalSection
	GlobalSection(SolutionProperties) = preSolution
		HideSolutionNode = FALSE
	EndGlobalSection
	GlobalSection(ExtensibilityGlobals) = postSolution
		SolutionGuid = {2D5B2226-3511-4324-8E56-8F8C8A67E46A}
	EndGlobalSection
EndGlobal
