
Microsoft Visual Studio Solution File, Format Version 12.00
# Visual Studio Version 17
VisualStudioVersion = 17.4.33205.214
MinimumVisualStudioVersion = 10.0.40219.1
Project("{FAE04EC0-301F-11D3-BF4B-00C04F79EFBC}") = "Generics", "Generics\Generics.csproj", "{03463360-F91A-4502-A178-51E8422CB571}"
EndProject
Project("{FAE04EC0-301F-11D3-BF4B-00C04F79EFBC}") = "Classes", "Classes\Classes.csproj", "{33B454EE-6B10-48DC-8596-4D7CD34EB593}"
EndProject
Project("{FAE04EC0-301F-11D3-BF4B-00C04F79EFBC}") = "GenericMethods", "GenericMethods\GenericMethods.csproj", "{3D505662-456A-47B3-AC64-B29FBC99818A}"
EndProject
Project("{FAE04EC0-301F-11D3-BF4B-00C04F79EFBC}") = "BoxOfT", "BoxOfT\BoxOfT.csproj", "{6B07B55A-D859-459D-ADCE-820F7FD37EBC}"
EndProject
Project("{FAE04EC0-301F-11D3-BF4B-00C04F79EFBC}") = "GenericArrayCreator", "GenericArrayCreator\GenericArrayCreator.csproj", "{F45AD129-C5C9-4830-B6D7-920204D22795}"
EndProject
Project("{FAE04EC0-301F-11D3-BF4B-00C04F79EFBC}") = "GenericScale", "EqualityScale\GenericScale.csproj", "{C0CFCB13-7975-4B16-AFF3-CB73967DA871}"
EndProject
Global
	GlobalSection(SolutionConfigurationPlatforms) = preSolution
		Debug|Any CPU = Debug|Any CPU
		Release|Any CPU = Release|Any CPU
	EndGlobalSection
	GlobalSection(ProjectConfigurationPlatforms) = postSolution
		{03463360-F91A-4502-A178-51E8422CB571}.Debug|Any CPU.ActiveCfg = Debug|Any CPU
		{03463360-F91A-4502-A178-51E8422CB571}.Debug|Any CPU.Build.0 = Debug|Any CPU
		{03463360-F91A-4502-A178-51E8422CB571}.Release|Any CPU.ActiveCfg = Release|Any CPU
		{03463360-F91A-4502-A178-51E8422CB571}.Release|Any CPU.Build.0 = Release|Any CPU
		{33B454EE-6B10-48DC-8596-4D7CD34EB593}.Debug|Any CPU.ActiveCfg = Debug|Any CPU
		{33B454EE-6B10-48DC-8596-4D7CD34EB593}.Debug|Any CPU.Build.0 = Debug|Any CPU
		{33B454EE-6B10-48DC-8596-4D7CD34EB593}.Release|Any CPU.ActiveCfg = Release|Any CPU
		{33B454EE-6B10-48DC-8596-4D7CD34EB593}.Release|Any CPU.Build.0 = Release|Any CPU
		{3D505662-456A-47B3-AC64-B29FBC99818A}.Debug|Any CPU.ActiveCfg = Debug|Any CPU
		{3D505662-456A-47B3-AC64-B29FBC99818A}.Debug|Any CPU.Build.0 = Debug|Any CPU
		{3D505662-456A-47B3-AC64-B29FBC99818A}.Release|Any CPU.ActiveCfg = Release|Any CPU
		{3D505662-456A-47B3-AC64-B29FBC99818A}.Release|Any CPU.Build.0 = Release|Any CPU
		{6B07B55A-D859-459D-ADCE-820F7FD37EBC}.Debug|Any CPU.ActiveCfg = Debug|Any CPU
		{6B07B55A-D859-459D-ADCE-820F7FD37EBC}.Debug|Any CPU.Build.0 = Debug|Any CPU
		{6B07B55A-D859-459D-ADCE-820F7FD37EBC}.Release|Any CPU.ActiveCfg = Release|Any CPU
		{6B07B55A-D859-459D-ADCE-820F7FD37EBC}.Release|Any CPU.Build.0 = Release|Any CPU
		{F45AD129-C5C9-4830-B6D7-920204D22795}.Debug|Any CPU.ActiveCfg = Debug|Any CPU
		{F45AD129-C5C9-4830-B6D7-920204D22795}.Debug|Any CPU.Build.0 = Debug|Any CPU
		{F45AD129-C5C9-4830-B6D7-920204D22795}.Release|Any CPU.ActiveCfg = Release|Any CPU
		{F45AD129-C5C9-4830-B6D7-920204D22795}.Release|Any CPU.Build.0 = Release|Any CPU
		{C0CFCB13-7975-4B16-AFF3-CB73967DA871}.Debug|Any CPU.ActiveCfg = Debug|Any CPU
		{C0CFCB13-7975-4B16-AFF3-CB73967DA871}.Debug|Any CPU.Build.0 = Debug|Any CPU
		{C0CFCB13-7975-4B16-AFF3-CB73967DA871}.Release|Any CPU.ActiveCfg = Release|Any CPU
		{C0CFCB13-7975-4B16-AFF3-CB73967DA871}.Release|Any CPU.Build.0 = Release|Any CPU
	EndGlobalSection
	GlobalSection(SolutionProperties) = preSolution
		HideSolutionNode = FALSE
	EndGlobalSection
	GlobalSection(ExtensibilityGlobals) = postSolution
		SolutionGuid = {2D5B2226-3511-4324-8E56-8F8C8A67E46A}
	EndGlobalSection
EndGlobal
