
Microsoft Visual Studio Solution File, Format Version 12.00
# Visual Studio Version 17
VisualStudioVersion = 17.4.33205.214
MinimumVisualStudioVersion = 10.0.40219.1
Project("{FAE04EC0-301F-11D3-BF4B-00C04F79EFBC}") = "BetweenTwoSets", "Hackerrank\BetweenTwoSets.csproj", "{8CA1D632-2535-4304-BB2C-D431F9DA1826}"
EndProject
Project("{FAE04EC0-301F-11D3-BF4B-00C04F79EFBC}") = "BetweenTwoSetsSingleMethod", "BetweenTwoSetsSingleMethod\BetweenTwoSetsSingleMethod.csproj", "{D97A4948-023C-48F1-9BF4-489960A4A4D2}"
EndProject
Global
	GlobalSection(SolutionConfigurationPlatforms) = preSolution
		Debug|Any CPU = Debug|Any CPU
		Release|Any CPU = Release|Any CPU
	EndGlobalSection
	GlobalSection(ProjectConfigurationPlatforms) = postSolution
		{8CA1D632-2535-4304-BB2C-D431F9DA1826}.Debug|Any CPU.ActiveCfg = Debug|Any CPU
		{8CA1D632-2535-4304-BB2C-D431F9DA1826}.Debug|Any CPU.Build.0 = Debug|Any CPU
		{8CA1D632-2535-4304-BB2C-D431F9DA1826}.Release|Any CPU.ActiveCfg = Release|Any CPU
		{8CA1D632-2535-4304-BB2C-D431F9DA1826}.Release|Any CPU.Build.0 = Release|Any CPU
		{D97A4948-023C-48F1-9BF4-489960A4A4D2}.Debug|Any CPU.ActiveCfg = Debug|Any CPU
		{D97A4948-023C-48F1-9BF4-489960A4A4D2}.Debug|Any CPU.Build.0 = Debug|Any CPU
		{D97A4948-023C-48F1-9BF4-489960A4A4D2}.Release|Any CPU.ActiveCfg = Release|Any CPU
		{D97A4948-023C-48F1-9BF4-489960A4A4D2}.Release|Any CPU.Build.0 = Release|Any CPU
	EndGlobalSection
	GlobalSection(SolutionProperties) = preSolution
		HideSolutionNode = FALSE
	EndGlobalSection
	GlobalSection(ExtensibilityGlobals) = postSolution
		SolutionGuid = {870044E9-D54E-434D-9653-D797076DE83A}
	EndGlobalSection
EndGlobal
