
Microsoft Visual Studio Solution File, Format Version 12.00
# Visual Studio Version 17
VisualStudioVersion = 17.4.33205.214
MinimumVisualStudioVersion = 10.0.40219.1
Project("{FAE04EC0-301F-11D3-BF4B-00C04F79EFBC}") = "03. WordCount", "04StreamsFilesDictionaries\03. WordCount.csproj", "{0137CB2B-9FB4-4027-9064-F7BBCEB85DCC}"
EndProject
Global
	GlobalSection(SolutionConfigurationPlatforms) = preSolution
		Debug|Any CPU = Debug|Any CPU
		Release|Any CPU = Release|Any CPU
	EndGlobalSection
	GlobalSection(ProjectConfigurationPlatforms) = postSolution
		{0137CB2B-9FB4-4027-9064-F7BBCEB85DCC}.Debug|Any CPU.ActiveCfg = Debug|Any CPU
		{0137CB2B-9FB4-4027-9064-F7BBCEB85DCC}.Debug|Any CPU.Build.0 = Debug|Any CPU
		{0137CB2B-9FB4-4027-9064-F7BBCEB85DCC}.Release|Any CPU.ActiveCfg = Release|Any CPU
		{0137CB2B-9FB4-4027-9064-F7BBCEB85DCC}.Release|Any CPU.Build.0 = Release|Any CPU
	EndGlobalSection
	GlobalSection(SolutionProperties) = preSolution
		HideSolutionNode = FALSE
	EndGlobalSection
	GlobalSection(ExtensibilityGlobals) = postSolution
		SolutionGuid = {670BA6FD-9098-4B94-A617-F8D3A7CEFDE8}
	EndGlobalSection
EndGlobal
